github.com/elastic/go-elasticsearch v0.0.0 h1:Pd5fqOuBxKxv83b0+xOAJDAkziWYwFinWnBO0y+TZaA=
github.com/elastic/go-elasticsearch v0.0.0/go.mod h1:TkBSJBuTyFdBnrNqoPc54FN0vKf5c04IdM4zuStJ7xg=
github.com/elastic/go-elasticsearch/v8 v8.0.0-20210317102009-a9d74cec0186 h1:F07rUXGNyhzJZKXI08EI/eAURqzhDqoRSdb//R+BOx4=
github.com/elastic/go-elasticsearch/v8 v8.0.0-20210317102009-a9d74cec0186/go.mod h1:xe9a/L2aeOgFKKgrO3ibQTnMdpAeL0GC+5/HpGScSa4=
github.com/go-redis/redis v6.15.9+incompatible h1:K0pv1D7EQUjfyoMql+r/jZqCLizCGKFlFgcHWWmHQjg=
github.com/go-redis/redis v6.15.9+incompatible/go.mod h1:NAIEuMOZ/fxfXJIrKDQDz8wamY7mA7PouImQ2Jvg6kA=
github.com/josharian/intern v1.0.0 h1:vlS4z54oSdjm0bgjRigI+G1HpF+tI+9rE5LLzOg8HmY=
github.com/josharian/intern v1.0.0/go.mod h1:5DoeVV0s6jJacbCEi61lwdGj/aVlrQvzHFFd8Hwg//Y=
github.com/mailru/easyjson v0.7.7 h1:UGYAvKxe3sBsEDzO8ZeWOSlIQfWFlxbzLZe7hwFURr0=
github.com/mailru/easyjson v0.7.7/go.mod h1:xzfreul335JAWq5oZzymOObrkdz5UnU4kGfJJLY9Nlc=
github.com/olivere/elastic v6.2.35+incompatible h1:MMklYDy2ySi01s123CB2WLBuDMzFX4qhFcA5tKWJPgM=
github.com/olivere/elastic v6.2.35+incompatible/go.mod h1:J+q1zQJTgAz9woqsbVRqGeB5G1iqDKVBWLNSYW8yfJ8=
github.com/pkg/errors v0.9.1 h1:FEBLx1zS214owpjy7qsBeixbURkuhQAwrK5UwLGTwt4=
github.com/pkg/errors v0.9.1/go.mod h1:bwawxfHBFNV+L2hUp1rHADufV3IMtnDRdf1r5NINEl0=
github.com/tj/go-spin v1.1.0 h1:lhdWZsvImxvZ3q1C5OIB7d72DuOwP4O2NdBg9PyzNds=
github.com/tj/go-spin v1.1.0/go.mod h1:Mg1mzmePZm4dva8Qz60H2lHwmJ2loum4VIrLgVnKwh4=
github.com/wahyuhadi/go-ipgen v0.0.0-20191106165938-41f5a16e668a h1:kTPbRihrla8gubJfH4Mv60Sy8ip7mzJ9SEmos69GNSI=
github.com/wahyuhadi/go-ipgen v0.0.0-20191106165938-41f5a16e668a/go.mod h1:JZZK2vkMvYVVQFit4ZfY0ii58Fb1XFXME78mRljRrUA=
